
Microsoft Visual Studio Solution File, Format Version 12.00
# Visual Studio Version 17
VisualStudioVersion = 17.6.33829.357
MinimumVisualStudioVersion = 10.0.40219.1
Project("{9A19103F-16F7-4668-BE54-9A1E7A4F7556}") = "MoreAttributePoints", "MoreAttributePoints\MoreAttributePoints.csproj", "{2EA08578-F50E-4241-A739-5CE2A14B6A38}"
EndProject
Global
	GlobalSection(SolutionConfigurationPlatforms) = preSolution
		Debug|Any CPU = Debug|Any CPU
		Release|Any CPU = Release|Any CPU
	EndGlobalSection
	GlobalSection(ProjectConfigurationPlatforms) = postSolution
		{2EA08578-F50E-4241-A739-5CE2A14B6A38}.Debug|Any CPU.ActiveCfg = Debug|x64
		{2EA08578-F50E-4241-A739-5CE2A14B6A38}.Debug|Any CPU.Build.0 = Debug|x64
		{2EA08578-F50E-4241-A739-5CE2A14B6A38}.Release|Any CPU.ActiveCfg = Release|Any CPU
		{2EA08578-F50E-4241-A739-5CE2A14B6A38}.Release|Any CPU.Build.0 = Release|Any CPU
	EndGlobalSection
	GlobalSection(SolutionProperties) = preSolution
		HideSolutionNode = FALSE
	EndGlobalSection
	GlobalSection(ExtensibilityGlobals) = postSolution
		SolutionGuid = {7580B050-EF1A-42B8-9A05-88B6E78E0A00}
	EndGlobalSection
EndGlobal
